
Microsoft Visual Studio Solution File, Format Version 12.00
# Visual Studio Version 17
VisualStudioVersion = 17.0.31903.59
MinimumVisualStudioVersion = 10.0.40219.1
Project("{FAE04EC0-301F-11D3-BF4B-00C04F79EFBC}") = "SunEyeVision.Algorithms", "SunEyeVision.Algorithms\SunEyeVision.Algorithms.csproj", "{56BB2AF0-F559-4999-A7A4-CE4BBFDB8F82}"
EndProject
Project("{FAE04EC0-301F-11D3-BF4B-00C04F79EFBC}") = "SunEyeVision.Core", "SunEyeVision.Core\SunEyeVision.Core.csproj", "{961C736D-70F3-4210-B4AB-62B4610D5B6B}"
EndProject
Project("{FAE04EC0-301F-11D3-BF4B-00C04F79EFBC}") = "SunEyeVision.DeviceDriver", "SunEyeVision.DeviceDriver\SunEyeVision.DeviceDriver.csproj", "{8023BD78-1F61-4286-9307-A8E88283F177}"
EndProject
Project("{FAE04EC0-301F-11D3-BF4B-00C04F79EFBC}") = "SunEyeVision.PluginSystem", "SunEyeVision.PluginSystem\SunEyeVision.PluginSystem.csproj", "{84596986-29D4-40F5-8C1D-C5A9B7B0ED90}"
EndProject
Project("{FAE04EC0-301F-11D3-BF4B-00C04F79EFBC}") = "SunEyeVision.UI", "SunEyeVision.UI\SunEyeVision.UI.csproj", "{CA396C6A-44F3-47A9-872B-FD4B0F36A1EB}"
EndProject
Project("{FAE04EC0-301F-11D3-BF4B-00C04F79EFBC}") = "SunEyeVision.Workflow", "SunEyeVision.Workflow\SunEyeVision.Workflow.csproj", "{4D7CBEE1-36AD-4293-8D67-C4FF2724528D}"
EndProject
Global
	GlobalSection(SolutionConfigurationPlatforms) = preSolution
		Debug|Any CPU = Debug|Any CPU
		Debug|x64 = Debug|x64
		Debug|x86 = Debug|x86
		Release|Any CPU = Release|Any CPU
		Release|x64 = Release|x64
		Release|x86 = Release|x86
	EndGlobalSection
	GlobalSection(ProjectConfigurationPlatforms) = postSolution
		{56BB2AF0-F559-4999-A7A4-CE4BBFDB8F82}.Debug|Any CPU.ActiveCfg = Debug|Any CPU
		{56BB2AF0-F559-4999-A7A4-CE4BBFDB8F82}.Debug|Any CPU.Build.0 = Debug|Any CPU
		{56BB2AF0-F559-4999-A7A4-CE4BBFDB8F82}.Debug|x64.ActiveCfg = Debug|Any CPU
		{56BB2AF0-F559-4999-A7A4-CE4BBFDB8F82}.Debug|x64.Build.0 = Debug|Any CPU
		{56BB2AF0-F559-4999-A7A4-CE4BBFDB8F82}.Debug|x86.ActiveCfg = Debug|Any CPU
		{56BB2AF0-F559-4999-A7A4-CE4BBFDB8F82}.Debug|x86.Build.0 = Debug|Any CPU
		{56BB2AF0-F559-4999-A7A4-CE4BBFDB8F82}.Release|Any CPU.ActiveCfg = Release|Any CPU
		{56BB2AF0-F559-4999-A7A4-CE4BBFDB8F82}.Release|Any CPU.Build.0 = Release|Any CPU
		{56BB2AF0-F559-4999-A7A4-CE4BBFDB8F82}.Release|x64.ActiveCfg = Release|Any CPU
		{56BB2AF0-F559-4999-A7A4-CE4BBFDB8F82}.Release|x64.Build.0 = Release|Any CPU
		{56BB2AF0-F559-4999-A7A4-CE4BBFDB8F82}.Release|x86.ActiveCfg = Release|Any CPU
		{56BB2AF0-F559-4999-A7A4-CE4BBFDB8F82}.Release|x86.Build.0 = Release|Any CPU
		{961C736D-70F3-4210-B4AB-62B4610D5B6B}.Debug|Any CPU.ActiveCfg = Debug|Any CPU
		{961C736D-70F3-4210-B4AB-62B4610D5B6B}.Debug|Any CPU.Build.0 = Debug|Any CPU
		{961C736D-70F3-4210-B4AB-62B4610D5B6B}.Debug|x64.ActiveCfg = Debug|Any CPU
		{961C736D-70F3-4210-B4AB-62B4610D5B6B}.Debug|x64.Build.0 = Debug|Any CPU
		{961C736D-70F3-4210-B4AB-62B4610D5B6B}.Debug|x86.ActiveCfg = Debug|Any CPU
		{961C736D-70F3-4210-B4AB-62B4610D5B6B}.Debug|x86.Build.0 = Debug|Any CPU
		{961C736D-70F3-4210-B4AB-62B4610D5B6B}.Release|Any CPU.ActiveCfg = Release|Any CPU
		{961C736D-70F3-4210-B4AB-62B4610D5B6B}.Release|Any CPU.Build.0 = Release|Any CPU
		{961C736D-70F3-4210-B4AB-62B4610D5B6B}.Release|x64.ActiveCfg = Release|Any CPU
		{961C736D-70F3-4210-B4AB-62B4610D5B6B}.Release|x64.Build.0 = Release|Any CPU
		{961C736D-70F3-4210-B4AB-62B4610D5B6B}.Release|x86.ActiveCfg = Release|Any CPU
		{961C736D-70F3-4210-B4AB-62B4610D5B6B}.Release|x86.Build.0 = Release|Any CPU
		{8023BD78-1F61-4286-9307-A8E88283F177}.Debug|Any CPU.ActiveCfg = Debug|Any CPU
		{8023BD78-1F61-4286-9307-A8E88283F177}.Debug|Any CPU.Build.0 = Debug|Any CPU
		{8023BD78-1F61-4286-9307-A8E88283F177}.Debug|x64.ActiveCfg = Debug|Any CPU
		{8023BD78-1F61-4286-9307-A8E88283F177}.Debug|x64.Build.0 = Debug|Any CPU
		{8023BD78-1F61-4286-9307-A8E88283F177}.Debug|x86.ActiveCfg = Debug|Any CPU
		{8023BD78-1F61-4286-9307-A8E88283F177}.Debug|x86.Build.0 = Debug|Any CPU
		{8023BD78-1F61-4286-9307-A8E88283F177}.Release|Any CPU.ActiveCfg = Release|Any CPU
		{8023BD78-1F61-4286-9307-A8E88283F177}.Release|Any CPU.Build.0 = Release|Any CPU
		{8023BD78-1F61-4286-9307-A8E88283F177}.Release|x64.ActiveCfg = Release|Any CPU
		{8023BD78-1F61-4286-9307-A8E88283F177}.Release|x64.Build.0 = Release|Any CPU
		{8023BD78-1F61-4286-9307-A8E88283F177}.Release|x86.ActiveCfg = Release|Any CPU
		{8023BD78-1F61-4286-9307-A8E88283F177}.Release|x86.Build.0 = Release|Any CPU
		{84596986-29D4-40F5-8C1D-C5A9B7B0ED90}.Debug|Any CPU.ActiveCfg = Debug|Any CPU
		{84596986-29D4-40F5-8C1D-C5A9B7B0ED90}.Debug|Any CPU.Build.0 = Debug|Any CPU
		{84596986-29D4-40F5-8C1D-C5A9B7B0ED90}.Debug|x64.ActiveCfg = Debug|Any CPU
		{84596986-29D4-40F5-8C1D-C5A9B7B0ED90}.Debug|x64.Build.0 = Debug|Any CPU
		{84596986-29D4-40F5-8C1D-C5A9B7B0ED90}.Debug|x86.ActiveCfg = Debug|Any CPU
		{84596986-29D4-40F5-8C1D-C5A9B7B0ED90}.Debug|x86.Build.0 = Debug|Any CPU
		{84596986-29D4-40F5-8C1D-C5A9B7B0ED90}.Release|Any CPU.ActiveCfg = Release|Any CPU
		{84596986-29D4-40F5-8C1D-C5A9B7B0ED90}.Release|Any CPU.Build.0 = Release|Any CPU
		{84596986-29D4-40F5-8C1D-C5A9B7B0ED90}.Release|x64.ActiveCfg = Release|Any CPU
		{84596986-29D4-40F5-8C1D-C5A9B7B0ED90}.Release|x64.Build.0 = Release|Any CPU
		{84596986-29D4-40F5-8C1D-C5A9B7B0ED90}.Release|x86.ActiveCfg = Release|Any CPU
		{84596986-29D4-40F5-8C1D-C5A9B7B0ED90}.Release|x86.Build.0 = Release|Any CPU
		{CA396C6A-44F3-47A9-872B-FD4B0F36A1EB}.Debug|Any CPU.ActiveCfg = Debug|Any CPU
		{CA396C6A-44F3-47A9-872B-FD4B0F36A1EB}.Debug|Any CPU.Build.0 = Debug|Any CPU
		{CA396C6A-44F3-47A9-872B-FD4B0F36A1EB}.Debug|x64.ActiveCfg = Debug|Any CPU
		{CA396C6A-44F3-47A9-872B-FD4B0F36A1EB}.Debug|x64.Build.0 = Debug|Any CPU
		{CA396C6A-44F3-47A9-872B-FD4B0F36A1EB}.Debug|x86.ActiveCfg = Debug|Any CPU
		{CA396C6A-44F3-47A9-872B-FD4B0F36A1EB}.Debug|x86.Build.0 = Debug|Any CPU
		{CA396C6A-44F3-47A9-872B-FD4B0F36A1EB}.Release|Any CPU.ActiveCfg = Release|Any CPU
		{CA396C6A-44F3-47A9-872B-FD4B0F36A1EB}.Release|Any CPU.Build.0 = Release|Any CPU
		{CA396C6A-44F3-47A9-872B-FD4B0F36A1EB}.Release|x64.ActiveCfg = Release|Any CPU
		{CA396C6A-44F3-47A9-872B-FD4B0F36A1EB}.Release|x64.Build.0 = Release|Any CPU
		{CA396C6A-44F3-47A9-872B-FD4B0F36A1EB}.Release|x86.ActiveCfg = Release|Any CPU
		{CA396C6A-44F3-47A9-872B-FD4B0F36A1EB}.Release|x86.Build.0 = Release|Any CPU
		{4D7CBEE1-36AD-4293-8D67-C4FF2724528D}.Debug|Any CPU.ActiveCfg = Debug|Any CPU
		{4D7CBEE1-36AD-4293-8D67-C4FF2724528D}.Debug|Any CPU.Build.0 = Debug|Any CPU
		{4D7CBEE1-36AD-4293-8D67-C4FF2724528D}.Debug|x64.ActiveCfg = Debug|Any CPU
		{4D7CBEE1-36AD-4293-8D67-C4FF2724528D}.Debug|x64.Build.0 = Debug|Any CPU
		{4D7CBEE1-36AD-4293-8D67-C4FF2724528D}.Debug|x86.ActiveCfg = Debug|Any CPU
		{4D7CBEE1-36AD-4293-8D67-C4FF2724528D}.Debug|x86.Build.0 = Debug|Any CPU
		{4D7CBEE1-36AD-4293-8D67-C4FF2724528D}.Release|Any CPU.ActiveCfg = Release|Any CPU
		{4D7CBEE1-36AD-4293-8D67-C4FF2724528D}.Release|Any CPU.Build.0 = Release|Any CPU
		{4D7CBEE1-36AD-4293-8D67-C4FF2724528D}.Release|x64.ActiveCfg = Release|Any CPU
		{4D7CBEE1-36AD-4293-8D67-C4FF2724528D}.Release|x64.Build.0 = Release|Any CPU
		{4D7CBEE1-36AD-4293-8D67-C4FF2724528D}.Release|x86.ActiveCfg = Release|Any CPU
		{4D7CBEE1-36AD-4293-8D67-C4FF2724528D}.Release|x86.Build.0 = Release|Any CPU
	EndGlobalSection
	GlobalSection(SolutionProperties) = preSolution
		HideSolutionNode = FALSE
	EndGlobalSection
EndGlobal
