Microsoft Visual Studio Solution File, Format Version 12.00
# Visual Studio Version 17
VisualStudioVersion = 17.0.31903.59
MinimumVisualStudioVersion = 10.0.40219.1
Project("{FAE04EC0-301F-11D3-BF4B-00C04F79EFBC}") = "SunEyeVision.Core", "src\Core\SunEyeVision.Core.csproj", "{8C9BAB67-E41B-4F58-851A-1262D4197C0E}"
EndProject
Project("{FAE04EC0-301F-11D3-BF4B-00C04F79EFBC}") = "SunEyeVision.UI", "src\UI\SunEyeVision.UI.csproj", "{423009CD-80CD-4221-8304-D16A282A3880}"
EndProject
Project("{FAE04EC0-301F-11D3-BF4B-00C04F79EFBC}") = "SunEyeVision.Workflow", "src\Workflow\SunEyeVision.Workflow.csproj", "{B8B6534A-E47A-44A2-8D46-CFD89674DE92}"
EndProject
Project("{FAE04EC0-301F-11D3-BF4B-00C04F79EFBC}") = "SunEyeVision.DeviceDriver", "src\DeviceDriver\SunEyeVision.DeviceDriver.csproj", "{CA7AA408-2781-4FBB-B039-36AFBC8C1D4E}"
EndProject
Project("{FAE04EC0-301F-11D3-BF4B-00C04F79EFBC}") = "SunEyeVision.Plugin.Abstractions", "src\Plugin.Abstractions\SunEyeVision.Plugin.Abstractions.csproj", "{E1A2B3C4-D5E6-7890-ABCD-EF1234567890}"
EndProject
Project("{FAE04EC0-301F-11D3-BF4B-00C04F79EFBC}") = "SunEyeVision.Plugin.Infrastructure", "src\Plugin.Infrastructure\SunEyeVision.Plugin.Infrastructure.csproj", "{F2B3C4D5-E6F7-8901-BCDE-F123456789012}"
EndProject
Project("{FAE04EC0-301F-11D3-BF4B-00C04F79EFBC}") = "SunEyeVision.Core.Tests", "tests\SunEyeVision.Core.Tests\SunEyeVision.Core.Tests.csproj", "{C1D2E3F4-A5B6-7890-CDEF-123456789012}"
EndProject
Global
	GlobalSection(SolutionConfigurationPlatforms) = preSolution
		Debug|Any CPU = Debug|Any CPU
		Debug|x64 = Debug|x64
		Debug|x86 = Debug|x86
		Release|Any CPU = Release|Any CPU
		Release|x64 = Release|x64
		Release|x86 = Release|x86
	EndGlobalSection
	GlobalSection(ProjectConfigurationPlatforms) = postSolution
		{8C9BAB67-E41B-4F58-851A-1262D4197C0E}.Debug|Any CPU.ActiveCfg = Debug|Any CPU
		{8C9BAB67-E41B-4F58-851A-1262D4197C0E}.Debug|Any CPU.Build.0 = Debug|Any CPU
		{8C9BAB67-E41B-4F58-851A-1262D4197C0E}.Debug|x64.ActiveCfg = Debug|Any CPU
		{8C9BAB67-E41B-4F58-851A-1262D4197C0E}.Debug|x64.Build.0 = Debug|Any CPU
		{8C9BAB67-E41B-4F58-851A-1262D4197C0E}.Debug|x86.ActiveCfg = Debug|Any CPU
		{8C9BAB67-E41B-4F58-851A-1262D4197C0E}.Debug|x86.Build.0 = Debug|Any CPU
		{8C9BAB67-E41B-4F58-851A-1262D4197C0E}.Release|Any CPU.ActiveCfg = Release|Any CPU
		{8C9BAB67-E41B-4F58-851A-1262D4197C0E}.Release|Any CPU.Build.0 = Release|Any CPU
		{8C9BAB67-E41B-4F58-851A-1262D4197C0E}.Release|x64.ActiveCfg = Release|Any CPU
		{8C9BAB67-E41B-4F58-851A-1262D4197C0E}.Release|x64.Build.0 = Release|Any CPU
		{8C9BAB67-E41B-4F58-851A-1262D4197C0E}.Release|x86.ActiveCfg = Release|Any CPU
		{8C9BAB67-E41B-4F58-851A-1262D4197C0E}.Release|x86.Build.0 = Release|Any CPU
		{423009CD-80CD-4221-8304-D16A282A3880}.Debug|Any CPU.ActiveCfg = Debug|Any CPU
		{423009CD-80CD-4221-8304-D16A282A3880}.Debug|Any CPU.Build.0 = Debug|Any CPU
		{423009CD-80CD-4221-8304-D16A282A3880}.Debug|x64.ActiveCfg = Debug|Any CPU
		{423009CD-80CD-4221-8304-D16A282A3880}.Debug|x64.Build.0 = Debug|Any CPU
		{423009CD-80CD-4221-8304-D16A282A3880}.Debug|x86.ActiveCfg = Debug|Any CPU
		{423009CD-80CD-4221-8304-D16A282A3880}.Debug|x86.Build.0 = Debug|Any CPU
		{423009CD-80CD-4221-8304-D16A282A3880}.Release|Any CPU.ActiveCfg = Release|Any CPU
		{423009CD-80CD-4221-8304-D16A282A3880}.Release|Any CPU.Build.0 = Release|Any CPU
		{423009CD-80CD-4221-8304-D16A282A3880}.Release|x64.ActiveCfg = Release|Any CPU
		{423009CD-80CD-4221-8304-D16A282A3880}.Release|x64.Build.0 = Release|Any CPU
		{423009CD-80CD-4221-8304-D16A282A3880}.Release|x86.ActiveCfg = Release|Any CPU
		{423009CD-80CD-4221-8304-D16A282A3880}.Release|x86.Build.0 = Release|Any CPU
		{B8B6534A-E47A-44A2-8D46-CFD89674DE92}.Debug|Any CPU.ActiveCfg = Debug|Any CPU
		{B8B6534A-E47A-44A2-8D46-CFD89674DE92}.Debug|Any CPU.Build.0 = Debug|Any CPU
		{B8B6534A-E47A-44A2-8D46-CFD89674DE92}.Debug|x64.ActiveCfg = Debug|Any CPU
		{B8B6534A-E47A-44A2-8D46-CFD89674DE92}.Debug|x64.Build.0 = Debug|Any CPU
		{B8B6534A-E47A-44A2-8D46-CFD89674DE92}.Debug|x86.ActiveCfg = Debug|Any CPU
		{B8B6534A-E47A-44A2-8D46-CFD89674DE92}.Debug|x86.Build.0 = Debug|Any CPU
		{B8B6534A-E47A-44A2-8D46-CFD89674DE92}.Release|Any CPU.ActiveCfg = Release|Any CPU
		{B8B6534A-E47A-44A2-8D46-CFD89674DE92}.Release|Any CPU.Build.0 = Release|Any CPU
		{B8B6534A-E47A-44A2-8D46-CFD89674DE92}.Release|x64.ActiveCfg = Release|Any CPU
		{B8B6534A-E47A-44A2-8D46-CFD89674DE92}.Release|x64.Build.0 = Release|Any CPU
		{B8B6534A-E47A-44A2-8D46-CFD89674DE92}.Release|x86.ActiveCfg = Release|Any CPU
		{B8B6534A-E47A-44A2-8D46-CFD89674DE92}.Release|x86.Build.0 = Release|Any CPU
		{CA7AA408-2781-4FBB-B039-36AFBC8C1D4E}.Debug|Any CPU.ActiveCfg = Debug|Any CPU
		{CA7AA408-2781-4FBB-B039-36AFBC8C1D4E}.Debug|Any CPU.Build.0 = Debug|Any CPU
		{CA7AA408-2781-4FBB-B039-36AFBC8C1D4E}.Debug|x64.ActiveCfg = Debug|Any CPU
		{CA7AA408-2781-4FBB-B039-36AFBC8C1D4E}.Debug|x64.Build.0 = Debug|Any CPU
		{CA7AA408-2781-4FBB-B039-36AFBC8C1D4E}.Debug|x86.ActiveCfg = Debug|Any CPU
		{CA7AA408-2781-4FBB-B039-36AFBC8C1D4E}.Debug|x86.Build.0 = Debug|Any CPU
		{CA7AA408-2781-4FBB-B039-36AFBC8C1D4E}.Release|Any CPU.ActiveCfg = Release|Any CPU
		{CA7AA408-2781-4FBB-B039-36AFBC8C1D4E}.Release|Any CPU.Build.0 = Release|Any CPU
		{CA7AA408-2781-4FBB-B039-36AFBC8C1D4E}.Release|x64.ActiveCfg = Release|Any CPU
		{CA7AA408-2781-4FBB-B039-36AFBC8C1D4E}.Release|x64.Build.0 = Release|Any CPU
		{CA7AA408-2781-4FBB-B039-36AFBC8C1D4E}.Release|x86.ActiveCfg = Release|Any CPU
		{CA7AA408-2781-4FBB-B039-36AFBC8C1D4E}.Release|x86.Build.0 = Release|Any CPU
		{E1A2B3C4-D5E6-7890-ABCD-EF1234567890}.Debug|Any CPU.ActiveCfg = Debug|Any CPU
		{E1A2B3C4-D5E6-7890-ABCD-EF1234567890}.Debug|Any CPU.Build.0 = Debug|Any CPU
		{E1A2B3C4-D5E6-7890-ABCD-EF1234567890}.Debug|x64.ActiveCfg = Debug|Any CPU
		{E1A2B3C4-D5E6-7890-ABCD-EF1234567890}.Debug|x64.Build.0 = Debug|Any CPU
		{E1A2B3C4-D5E6-7890-ABCD-EF1234567890}.Debug|x86.ActiveCfg = Debug|Any CPU
		{E1A2B3C4-D5E6-7890-ABCD-EF1234567890}.Debug|x86.Build.0 = Debug|Any CPU
		{E1A2B3C4-D5E6-7890-ABCD-EF1234567890}.Release|Any CPU.ActiveCfg = Release|Any CPU
		{E1A2B3C4-D5E6-7890-ABCD-EF1234567890}.Release|Any CPU.Build.0 = Release|Any CPU
		{E1A2B3C4-D5E6-7890-ABCD-EF1234567890}.Release|x64.ActiveCfg = Release|Any CPU
		{E1A2B3C4-D5E6-7890-ABCD-EF1234567890}.Release|x64.Build.0 = Release|Any CPU
		{E1A2B3C4-D5E6-7890-ABCD-EF1234567890}.Release|x86.ActiveCfg = Release|Any CPU
		{E1A2B3C4-D5E6-7890-ABCD-EF1234567890}.Release|x86.Build.0 = Release|Any CPU
		{F2B3C4D5-E6F7-8901-BCDE-F123456789012}.Debug|Any CPU.ActiveCfg = Debug|Any CPU
		{F2B3C4D5-E6F7-8901-BCDE-F123456789012}.Debug|Any CPU.Build.0 = Debug|Any CPU
		{F2B3C4D5-E6F7-8901-BCDE-F123456789012}.Debug|x64.ActiveCfg = Debug|Any CPU
		{F2B3C4D5-E6F7-8901-BCDE-F123456789012}.Debug|x64.Build.0 = Debug|Any CPU
		{F2B3C4D5-E6F7-8901-BCDE-F123456789012}.Debug|x86.ActiveCfg = Debug|Any CPU
		{F2B3C4D5-E6F7-8901-BCDE-F123456789012}.Debug|x86.Build.0 = Debug|Any CPU
		{F2B3C4D5-E6F7-8901-BCDE-F123456789012}.Release|Any CPU.ActiveCfg = Release|Any CPU
		{F2B3C4D5-E6F7-8901-BCDE-F123456789012}.Release|Any CPU.Build.0 = Release|Any CPU
		{F2B3C4D5-E6F7-8901-BCDE-F123456789012}.Release|x64.ActiveCfg = Release|Any CPU
		{F2B3C4D5-E6F7-8901-BCDE-F123456789012}.Release|x64.Build.0 = Release|Any CPU
		{F2B3C4D5-E6F7-8901-BCDE-F123456789012}.Release|x86.ActiveCfg = Release|Any CPU
		{F2B3C4D5-E6F7-8901-BCDE-F123456789012}.Release|x86.Build.0 = Release|Any CPU
		{C1D2E3F4-A5B6-7890-CDEF-123456789012}.Debug|Any CPU.ActiveCfg = Debug|Any CPU
		{C1D2E3F4-A5B6-7890-CDEF-123456789012}.Debug|Any CPU.Build.0 = Debug|Any CPU
		{C1D2E3F4-A5B6-7890-CDEF-123456789012}.Debug|x64.ActiveCfg = Debug|Any CPU
		{C1D2E3F4-A5B6-7890-CDEF-123456789012}.Debug|x64.Build.0 = Debug|Any CPU
		{C1D2E3F4-A5B6-7890-CDEF-123456789012}.Debug|x86.ActiveCfg = Debug|Any CPU
		{C1D2E3F4-A5B6-7890-CDEF-123456789012}.Debug|x86.Build.0 = Debug|Any CPU
		{C1D2E3F4-A5B6-7890-CDEF-123456789012}.Release|Any CPU.ActiveCfg = Release|Any CPU
		{C1D2E3F4-A5B6-7890-CDEF-123456789012}.Release|Any CPU.Build.0 = Release|Any CPU
		{C1D2E3F4-A5B6-7890-CDEF-123456789012}.Release|x64.ActiveCfg = Release|Any CPU
		{C1D2E3F4-A5B6-7890-CDEF-123456789012}.Release|x64.Build.0 = Release|Any CPU
		{C1D2E3F4-A5B6-7890-CDEF-123456789012}.Release|x86.ActiveCfg = Release|Any CPU
		{C1D2E3F4-A5B6-7890-CDEF-123456789012}.Release|x86.Build.0 = Release|Any CPU
	EndGlobalSection
	GlobalSection(SolutionProperties) = preSolution
		HideSolutionNode = FALSE
	EndGlobalSection
	GlobalSection(ExtensibilityGlobals) = postSolution
		SolutionGuid = {42EA8FC7-F02C-4E6F-81BC-55DF628A947E}
	EndGlobalSection
EndGlobal
