Microsoft Visual Studio Solution File, Format Version 12.00
# Visual Studio Version 17
VisualStudioVersion = 17.0.31903.59
MinimumVisualStudioVersion = 10.0.40219.1
Project("{FAE04EC0-301F-11D3-BF4B-00C04F79EFBC}") = "SunEyeVision.Core", "src\Core\SunEyeVision.Core.csproj", "{8C9BAB67-E41B-4F58-851A-1262D4197C0E}"
EndProject
Project("{FAE04EC0-301F-11D3-BF4B-00C04F79EFBC}") = "SunEyeVision.UI", "src\UI\SunEyeVision.UI.csproj", "{423009CD-80CD-4221-8304-D16A282A3880}"
EndProject
Project("{FAE04EC0-301F-11D3-BF4B-00C04F79EFBC}") = "SunEyeVision.Workflow", "src\Workflow\SunEyeVision.Workflow.csproj", "{B8B6534A-E47A-44A2-8D46-CFD89674DE92}"
EndProject
Project("{FAE04EC0-301F-11D3-BF4B-00C04F79EFBC}") = "SunEyeVision.DeviceDriver", "src\DeviceDriver\SunEyeVision.DeviceDriver.csproj", "{CA7AA408-2781-4FBB-B039-36AFBC8C1D4E}"
EndProject
Project("{FAE04EC0-301F-11D3-BF4B-00C04F79EFBC}") = "SunEyeVision.Plugin.Abstractions", "src\Plugin.Abstractions\SunEyeVision.Plugin.Abstractions.csproj", "{E1A2B3C4-D5E6-7890-ABCD-EF1234567890}"
EndProject
Project("{FAE04EC0-301F-11D3-BF4B-00C04F79EFBC}") = "SunEyeVision.Plugin.Infrastructure", "src\Plugin.Infrastructure\SunEyeVision.Plugin.Infrastructure.csproj", "{50AA5BA4-52A4-454A-8265-55FA3134551E}"
EndProject
Project("{FAE04EC0-301F-11D3-BF4B-00C04F79EFBC}") = "SunEyeVision.Core.Tests", "tests\SunEyeVision.Core.Tests\SunEyeVision.Core.Tests.csproj", "{C1D2E3F4-A5B6-7890-CDEF-123456789012}"
EndProject
Project("{2150E333-8FDC-42A3-9474-1A3956D46DE8}") = "Tools", "Tools", "{02EA681E-C7D8-13C7-8484-4AC65E1B71E8}"
EndProject
Project("{FAE04EC0-301F-11D3-BF4B-00C04F79EFBC}") = "SunEyeVision.Tool.ColorConvert", "tools\SunEyeVision.Tool.ColorConvert\SunEyeVision.Tool.ColorConvert.csproj", "{318BCB03-501C-5B45-62FD-7B4EB0FE1412}"
EndProject
Project("{FAE04EC0-301F-11D3-BF4B-00C04F79EFBC}") = "SunEyeVision.Tool.EdgeDetection", "tools\SunEyeVision.Tool.EdgeDetection\SunEyeVision.Tool.EdgeDetection.csproj", "{905ED613-9747-83A8-C25A-3DC02F9DBCC0}"
EndProject
Project("{FAE04EC0-301F-11D3-BF4B-00C04F79EFBC}") = "SunEyeVision.Tool.GaussianBlur", "tools\SunEyeVision.Tool.GaussianBlur\SunEyeVision.Tool.GaussianBlur.csproj", "{32177813-D185-0D44-ED06-470AC6F5B578}"
EndProject
Project("{FAE04EC0-301F-11D3-BF4B-00C04F79EFBC}") = "SunEyeVision.Tool.ImageCapture", "tools\SunEyeVision.Tool.ImageCapture\SunEyeVision.Tool.ImageCapture.csproj", "{9E6963AF-B43D-F773-E3CF-A51E696B8B36}"
EndProject
Project("{FAE04EC0-301F-11D3-BF4B-00C04F79EFBC}") = "SunEyeVision.Tool.ImageSave", "tools\SunEyeVision.Tool.ImageSave\SunEyeVision.Tool.ImageSave.csproj", "{994EE78B-BCB3-6EA0-39E0-3E36689A54CB}"
EndProject
Project("{FAE04EC0-301F-11D3-BF4B-00C04F79EFBC}") = "SunEyeVision.Tool.OCR", "tools\SunEyeVision.Tool.OCR\SunEyeVision.Tool.OCR.csproj", "{600E0B86-D28E-E03D-5E04-CD0EE7139607}"
EndProject
Project("{FAE04EC0-301F-11D3-BF4B-00C04F79EFBC}") = "SunEyeVision.Tool.ROICrop", "tools\SunEyeVision.Tool.ROICrop\SunEyeVision.Tool.ROICrop.csproj", "{6BCCF741-95C9-0A82-2B0D-AC73068F4B40}"
EndProject
Project("{FAE04EC0-301F-11D3-BF4B-00C04F79EFBC}") = "SunEyeVision.Tool.TemplateMatching", "tools\SunEyeVision.Tool.TemplateMatching\SunEyeVision.Tool.TemplateMatching.csproj", "{31D07F53-526D-E580-8336-41EB37B856A2}"
EndProject
Project("{FAE04EC0-301F-11D3-BF4B-00C04F79EFBC}") = "SunEyeVision.Tool.Threshold", "tools\SunEyeVision.Tool.Threshold\SunEyeVision.Tool.Threshold.csproj", "{BD751FD8-B5B7-8A43-B6B5-907B9CB552DD}"
EndProject
Global
	GlobalSection(SolutionConfigurationPlatforms) = preSolution
		Debug|Any CPU = Debug|Any CPU
		Debug|x64 = Debug|x64
		Debug|x86 = Debug|x86
		Release|Any CPU = Release|Any CPU
		Release|x64 = Release|x64
		Release|x86 = Release|x86
	EndGlobalSection
	GlobalSection(ProjectConfigurationPlatforms) = postSolution
		{8C9BAB67-E41B-4F58-851A-1262D4197C0E}.Debug|Any CPU.ActiveCfg = Debug|Any CPU
		{8C9BAB67-E41B-4F58-851A-1262D4197C0E}.Debug|Any CPU.Build.0 = Debug|Any CPU
		{8C9BAB67-E41B-4F58-851A-1262D4197C0E}.Debug|x64.ActiveCfg = Debug|Any CPU
		{8C9BAB67-E41B-4F58-851A-1262D4197C0E}.Debug|x64.Build.0 = Debug|Any CPU
		{8C9BAB67-E41B-4F58-851A-1262D4197C0E}.Debug|x86.ActiveCfg = Debug|Any CPU
		{8C9BAB67-E41B-4F58-851A-1262D4197C0E}.Debug|x86.Build.0 = Debug|Any CPU
		{8C9BAB67-E41B-4F58-851A-1262D4197C0E}.Release|Any CPU.ActiveCfg = Release|Any CPU
		{8C9BAB67-E41B-4F58-851A-1262D4197C0E}.Release|Any CPU.Build.0 = Release|Any CPU
		{8C9BAB67-E41B-4F58-851A-1262D4197C0E}.Release|x64.ActiveCfg = Release|Any CPU
		{8C9BAB67-E41B-4F58-851A-1262D4197C0E}.Release|x64.Build.0 = Release|Any CPU
		{8C9BAB67-E41B-4F58-851A-1262D4197C0E}.Release|x86.ActiveCfg = Release|Any CPU
		{8C9BAB67-E41B-4F58-851A-1262D4197C0E}.Release|x86.Build.0 = Release|Any CPU
		{423009CD-80CD-4221-8304-D16A282A3880}.Debug|Any CPU.ActiveCfg = Debug|Any CPU
		{423009CD-80CD-4221-8304-D16A282A3880}.Debug|Any CPU.Build.0 = Debug|Any CPU
		{423009CD-80CD-4221-8304-D16A282A3880}.Debug|x64.ActiveCfg = Debug|Any CPU
		{423009CD-80CD-4221-8304-D16A282A3880}.Debug|x64.Build.0 = Debug|Any CPU
		{423009CD-80CD-4221-8304-D16A282A3880}.Debug|x86.ActiveCfg = Debug|Any CPU
		{423009CD-80CD-4221-8304-D16A282A3880}.Debug|x86.Build.0 = Debug|Any CPU
		{423009CD-80CD-4221-8304-D16A282A3880}.Release|Any CPU.ActiveCfg = Release|Any CPU
		{423009CD-80CD-4221-8304-D16A282A3880}.Release|Any CPU.Build.0 = Release|Any CPU
		{423009CD-80CD-4221-8304-D16A282A3880}.Release|x64.ActiveCfg = Release|Any CPU
		{423009CD-80CD-4221-8304-D16A282A3880}.Release|x64.Build.0 = Release|Any CPU
		{423009CD-80CD-4221-8304-D16A282A3880}.Release|x86.ActiveCfg = Release|Any CPU
		{423009CD-80CD-4221-8304-D16A282A3880}.Release|x86.Build.0 = Release|Any CPU
		{B8B6534A-E47A-44A2-8D46-CFD89674DE92}.Debug|Any CPU.ActiveCfg = Debug|Any CPU
		{B8B6534A-E47A-44A2-8D46-CFD89674DE92}.Debug|Any CPU.Build.0 = Debug|Any CPU
		{B8B6534A-E47A-44A2-8D46-CFD89674DE92}.Debug|x64.ActiveCfg = Debug|Any CPU
		{B8B6534A-E47A-44A2-8D46-CFD89674DE92}.Debug|x64.Build.0 = Debug|Any CPU
		{B8B6534A-E47A-44A2-8D46-CFD89674DE92}.Debug|x86.ActiveCfg = Debug|Any CPU
		{B8B6534A-E47A-44A2-8D46-CFD89674DE92}.Debug|x86.Build.0 = Debug|Any CPU
		{B8B6534A-E47A-44A2-8D46-CFD89674DE92}.Release|Any CPU.ActiveCfg = Release|Any CPU
		{B8B6534A-E47A-44A2-8D46-CFD89674DE92}.Release|Any CPU.Build.0 = Release|Any CPU
		{B8B6534A-E47A-44A2-8D46-CFD89674DE92}.Release|x64.ActiveCfg = Release|Any CPU
		{B8B6534A-E47A-44A2-8D46-CFD89674DE92}.Release|x64.Build.0 = Release|Any CPU
		{B8B6534A-E47A-44A2-8D46-CFD89674DE92}.Release|x86.ActiveCfg = Release|Any CPU
		{B8B6534A-E47A-44A2-8D46-CFD89674DE92}.Release|x86.Build.0 = Release|Any CPU
		{CA7AA408-2781-4FBB-B039-36AFBC8C1D4E}.Debug|Any CPU.ActiveCfg = Debug|Any CPU
		{CA7AA408-2781-4FBB-B039-36AFBC8C1D4E}.Debug|Any CPU.Build.0 = Debug|Any CPU
		{CA7AA408-2781-4FBB-B039-36AFBC8C1D4E}.Debug|x64.ActiveCfg = Debug|Any CPU
		{CA7AA408-2781-4FBB-B039-36AFBC8C1D4E}.Debug|x64.Build.0 = Debug|Any CPU
		{CA7AA408-2781-4FBB-B039-36AFBC8C1D4E}.Debug|x86.ActiveCfg = Debug|Any CPU
		{CA7AA408-2781-4FBB-B039-36AFBC8C1D4E}.Debug|x86.Build.0 = Debug|Any CPU
		{CA7AA408-2781-4FBB-B039-36AFBC8C1D4E}.Release|Any CPU.ActiveCfg = Release|Any CPU
		{CA7AA408-2781-4FBB-B039-36AFBC8C1D4E}.Release|Any CPU.Build.0 = Release|Any CPU
		{CA7AA408-2781-4FBB-B039-36AFBC8C1D4E}.Release|x64.ActiveCfg = Release|Any CPU
		{CA7AA408-2781-4FBB-B039-36AFBC8C1D4E}.Release|x64.Build.0 = Release|Any CPU
		{CA7AA408-2781-4FBB-B039-36AFBC8C1D4E}.Release|x86.ActiveCfg = Release|Any CPU
		{CA7AA408-2781-4FBB-B039-36AFBC8C1D4E}.Release|x86.Build.0 = Release|Any CPU
		{E1A2B3C4-D5E6-7890-ABCD-EF1234567890}.Debug|Any CPU.ActiveCfg = Debug|Any CPU
		{E1A2B3C4-D5E6-7890-ABCD-EF1234567890}.Debug|Any CPU.Build.0 = Debug|Any CPU
		{E1A2B3C4-D5E6-7890-ABCD-EF1234567890}.Debug|x64.ActiveCfg = Debug|Any CPU
		{E1A2B3C4-D5E6-7890-ABCD-EF1234567890}.Debug|x64.Build.0 = Debug|Any CPU
		{E1A2B3C4-D5E6-7890-ABCD-EF1234567890}.Debug|x86.ActiveCfg = Debug|Any CPU
		{E1A2B3C4-D5E6-7890-ABCD-EF1234567890}.Debug|x86.Build.0 = Debug|Any CPU
		{E1A2B3C4-D5E6-7890-ABCD-EF1234567890}.Release|Any CPU.ActiveCfg = Release|Any CPU
		{E1A2B3C4-D5E6-7890-ABCD-EF1234567890}.Release|Any CPU.Build.0 = Release|Any CPU
		{E1A2B3C4-D5E6-7890-ABCD-EF1234567890}.Release|x64.ActiveCfg = Release|Any CPU
		{E1A2B3C4-D5E6-7890-ABCD-EF1234567890}.Release|x64.Build.0 = Release|Any CPU
		{E1A2B3C4-D5E6-7890-ABCD-EF1234567890}.Release|x86.ActiveCfg = Release|Any CPU
		{E1A2B3C4-D5E6-7890-ABCD-EF1234567890}.Release|x86.Build.0 = Release|Any CPU
		{50AA5BA4-52A4-454A-8265-55FA3134551E}.Debug|Any CPU.ActiveCfg = Debug|Any CPU
		{50AA5BA4-52A4-454A-8265-55FA3134551E}.Debug|Any CPU.Build.0 = Debug|Any CPU
		{50AA5BA4-52A4-454A-8265-55FA3134551E}.Debug|x64.ActiveCfg = Debug|Any CPU
		{50AA5BA4-52A4-454A-8265-55FA3134551E}.Debug|x64.Build.0 = Debug|Any CPU
		{50AA5BA4-52A4-454A-8265-55FA3134551E}.Debug|x86.ActiveCfg = Debug|Any CPU
		{50AA5BA4-52A4-454A-8265-55FA3134551E}.Debug|x86.Build.0 = Debug|Any CPU
		{50AA5BA4-52A4-454A-8265-55FA3134551E}.Release|Any CPU.ActiveCfg = Release|Any CPU
		{50AA5BA4-52A4-454A-8265-55FA3134551E}.Release|Any CPU.Build.0 = Release|Any CPU
		{50AA5BA4-52A4-454A-8265-55FA3134551E}.Release|x64.ActiveCfg = Release|Any CPU
		{50AA5BA4-52A4-454A-8265-55FA3134551E}.Release|x64.Build.0 = Release|Any CPU
		{50AA5BA4-52A4-454A-8265-55FA3134551E}.Release|x86.ActiveCfg = Release|Any CPU
		{50AA5BA4-52A4-454A-8265-55FA3134551E}.Release|x86.Build.0 = Release|Any CPU
		{C1D2E3F4-A5B6-7890-CDEF-123456789012}.Debug|Any CPU.ActiveCfg = Debug|Any CPU
		{C1D2E3F4-A5B6-7890-CDEF-123456789012}.Debug|Any CPU.Build.0 = Debug|Any CPU
		{C1D2E3F4-A5B6-7890-CDEF-123456789012}.Debug|x64.ActiveCfg = Debug|Any CPU
		{C1D2E3F4-A5B6-7890-CDEF-123456789012}.Debug|x64.Build.0 = Debug|Any CPU
		{C1D2E3F4-A5B6-7890-CDEF-123456789012}.Debug|x86.ActiveCfg = Debug|Any CPU
		{C1D2E3F4-A5B6-7890-CDEF-123456789012}.Debug|x86.Build.0 = Debug|Any CPU
		{C1D2E3F4-A5B6-7890-CDEF-123456789012}.Release|Any CPU.ActiveCfg = Release|Any CPU
		{C1D2E3F4-A5B6-7890-CDEF-123456789012}.Release|Any CPU.Build.0 = Release|Any CPU
		{C1D2E3F4-A5B6-7890-CDEF-123456789012}.Release|x64.ActiveCfg = Release|Any CPU
		{C1D2E3F4-A5B6-7890-CDEF-123456789012}.Release|x64.Build.0 = Release|Any CPU
		{C1D2E3F4-A5B6-7890-CDEF-123456789012}.Release|x86.ActiveCfg = Release|Any CPU
		{C1D2E3F4-A5B6-7890-CDEF-123456789012}.Release|x86.Build.0 = Release|Any CPU
		{318BCB03-501C-5B45-62FD-7B4EB0FE1412}.Debug|Any CPU.ActiveCfg = Debug|Any CPU
		{318BCB03-501C-5B45-62FD-7B4EB0FE1412}.Debug|Any CPU.Build.0 = Debug|Any CPU
		{318BCB03-501C-5B45-62FD-7B4EB0FE1412}.Debug|x64.ActiveCfg = Debug|Any CPU
		{318BCB03-501C-5B45-62FD-7B4EB0FE1412}.Debug|x64.Build.0 = Debug|Any CPU
		{318BCB03-501C-5B45-62FD-7B4EB0FE1412}.Debug|x86.ActiveCfg = Debug|Any CPU
		{318BCB03-501C-5B45-62FD-7B4EB0FE1412}.Debug|x86.Build.0 = Debug|Any CPU
		{318BCB03-501C-5B45-62FD-7B4EB0FE1412}.Release|Any CPU.ActiveCfg = Release|Any CPU
		{318BCB03-501C-5B45-62FD-7B4EB0FE1412}.Release|Any CPU.Build.0 = Release|Any CPU
		{318BCB03-501C-5B45-62FD-7B4EB0FE1412}.Release|x64.ActiveCfg = Release|Any CPU
		{318BCB03-501C-5B45-62FD-7B4EB0FE1412}.Release|x64.Build.0 = Release|Any CPU
		{318BCB03-501C-5B45-62FD-7B4EB0FE1412}.Release|x86.ActiveCfg = Release|Any CPU
		{318BCB03-501C-5B45-62FD-7B4EB0FE1412}.Release|x86.Build.0 = Release|Any CPU
		{905ED613-9747-83A8-C25A-3DC02F9DBCC0}.Debug|Any CPU.ActiveCfg = Debug|Any CPU
		{905ED613-9747-83A8-C25A-3DC02F9DBCC0}.Debug|Any CPU.Build.0 = Debug|Any CPU
		{905ED613-9747-83A8-C25A-3DC02F9DBCC0}.Debug|x64.ActiveCfg = Debug|Any CPU
		{905ED613-9747-83A8-C25A-3DC02F9DBCC0}.Debug|x64.Build.0 = Debug|Any CPU
		{905ED613-9747-83A8-C25A-3DC02F9DBCC0}.Debug|x86.ActiveCfg = Debug|Any CPU
		{905ED613-9747-83A8-C25A-3DC02F9DBCC0}.Debug|x86.Build.0 = Debug|Any CPU
		{905ED613-9747-83A8-C25A-3DC02F9DBCC0}.Release|Any CPU.ActiveCfg = Release|Any CPU
		{905ED613-9747-83A8-C25A-3DC02F9DBCC0}.Release|Any CPU.Build.0 = Release|Any CPU
		{905ED613-9747-83A8-C25A-3DC02F9DBCC0}.Release|x64.ActiveCfg = Release|Any CPU
		{905ED613-9747-83A8-C25A-3DC02F9DBCC0}.Release|x64.Build.0 = Release|Any CPU
		{905ED613-9747-83A8-C25A-3DC02F9DBCC0}.Release|x86.ActiveCfg = Release|Any CPU
		{905ED613-9747-83A8-C25A-3DC02F9DBCC0}.Release|x86.Build.0 = Release|Any CPU
		{32177813-D185-0D44-ED06-470AC6F5B578}.Debug|Any CPU.ActiveCfg = Debug|Any CPU
		{32177813-D185-0D44-ED06-470AC6F5B578}.Debug|Any CPU.Build.0 = Debug|Any CPU
		{32177813-D185-0D44-ED06-470AC6F5B578}.Debug|x64.ActiveCfg = Debug|Any CPU
		{32177813-D185-0D44-ED06-470AC6F5B578}.Debug|x64.Build.0 = Debug|Any CPU
		{32177813-D185-0D44-ED06-470AC6F5B578}.Debug|x86.ActiveCfg = Debug|Any CPU
		{32177813-D185-0D44-ED06-470AC6F5B578}.Debug|x86.Build.0 = Debug|Any CPU
		{32177813-D185-0D44-ED06-470AC6F5B578}.Release|Any CPU.ActiveCfg = Release|Any CPU
		{32177813-D185-0D44-ED06-470AC6F5B578}.Release|Any CPU.Build.0 = Release|Any CPU
		{32177813-D185-0D44-ED06-470AC6F5B578}.Release|x64.ActiveCfg = Release|Any CPU
		{32177813-D185-0D44-ED06-470AC6F5B578}.Release|x64.Build.0 = Release|Any CPU
		{32177813-D185-0D44-ED06-470AC6F5B578}.Release|x86.ActiveCfg = Release|Any CPU
		{32177813-D185-0D44-ED06-470AC6F5B578}.Release|x86.Build.0 = Release|Any CPU
		{9E6963AF-B43D-F773-E3CF-A51E696B8B36}.Debug|Any CPU.ActiveCfg = Debug|Any CPU
		{9E6963AF-B43D-F773-E3CF-A51E696B8B36}.Debug|Any CPU.Build.0 = Debug|Any CPU
		{9E6963AF-B43D-F773-E3CF-A51E696B8B36}.Debug|x64.ActiveCfg = Debug|Any CPU
		{9E6963AF-B43D-F773-E3CF-A51E696B8B36}.Debug|x64.Build.0 = Debug|Any CPU
		{9E6963AF-B43D-F773-E3CF-A51E696B8B36}.Debug|x86.ActiveCfg = Debug|Any CPU
		{9E6963AF-B43D-F773-E3CF-A51E696B8B36}.Debug|x86.Build.0 = Debug|Any CPU
		{9E6963AF-B43D-F773-E3CF-A51E696B8B36}.Release|Any CPU.ActiveCfg = Release|Any CPU
		{9E6963AF-B43D-F773-E3CF-A51E696B8B36}.Release|Any CPU.Build.0 = Release|Any CPU
		{9E6963AF-B43D-F773-E3CF-A51E696B8B36}.Release|x64.ActiveCfg = Release|Any CPU
		{9E6963AF-B43D-F773-E3CF-A51E696B8B36}.Release|x64.Build.0 = Release|Any CPU
		{9E6963AF-B43D-F773-E3CF-A51E696B8B36}.Release|x86.ActiveCfg = Release|Any CPU
		{9E6963AF-B43D-F773-E3CF-A51E696B8B36}.Release|x86.Build.0 = Release|Any CPU
		{994EE78B-BCB3-6EA0-39E0-3E36689A54CB}.Debug|Any CPU.ActiveCfg = Debug|Any CPU
		{994EE78B-BCB3-6EA0-39E0-3E36689A54CB}.Debug|Any CPU.Build.0 = Debug|Any CPU
		{994EE78B-BCB3-6EA0-39E0-3E36689A54CB}.Debug|x64.ActiveCfg = Debug|Any CPU
		{994EE78B-BCB3-6EA0-39E0-3E36689A54CB}.Debug|x64.Build.0 = Debug|Any CPU
		{994EE78B-BCB3-6EA0-39E0-3E36689A54CB}.Debug|x86.ActiveCfg = Debug|Any CPU
		{994EE78B-BCB3-6EA0-39E0-3E36689A54CB}.Debug|x86.Build.0 = Debug|Any CPU
		{994EE78B-BCB3-6EA0-39E0-3E36689A54CB}.Release|Any CPU.ActiveCfg = Release|Any CPU
		{994EE78B-BCB3-6EA0-39E0-3E36689A54CB}.Release|Any CPU.Build.0 = Release|Any CPU
		{994EE78B-BCB3-6EA0-39E0-3E36689A54CB}.Release|x64.ActiveCfg = Release|Any CPU
		{994EE78B-BCB3-6EA0-39E0-3E36689A54CB}.Release|x64.Build.0 = Release|Any CPU
		{994EE78B-BCB3-6EA0-39E0-3E36689A54CB}.Release|x86.ActiveCfg = Release|Any CPU
		{994EE78B-BCB3-6EA0-39E0-3E36689A54CB}.Release|x86.Build.0 = Release|Any CPU
		{600E0B86-D28E-E03D-5E04-CD0EE7139607}.Debug|Any CPU.ActiveCfg = Debug|Any CPU
		{600E0B86-D28E-E03D-5E04-CD0EE7139607}.Debug|Any CPU.Build.0 = Debug|Any CPU
		{600E0B86-D28E-E03D-5E04-CD0EE7139607}.Debug|x64.ActiveCfg = Debug|Any CPU
		{600E0B86-D28E-E03D-5E04-CD0EE7139607}.Debug|x64.Build.0 = Debug|Any CPU
		{600E0B86-D28E-E03D-5E04-CD0EE7139607}.Debug|x86.ActiveCfg = Debug|Any CPU
		{600E0B86-D28E-E03D-5E04-CD0EE7139607}.Debug|x86.Build.0 = Debug|Any CPU
		{600E0B86-D28E-E03D-5E04-CD0EE7139607}.Release|Any CPU.ActiveCfg = Release|Any CPU
		{600E0B86-D28E-E03D-5E04-CD0EE7139607}.Release|Any CPU.Build.0 = Release|Any CPU
		{600E0B86-D28E-E03D-5E04-CD0EE7139607}.Release|x64.ActiveCfg = Release|Any CPU
		{600E0B86-D28E-E03D-5E04-CD0EE7139607}.Release|x64.Build.0 = Release|Any CPU
		{600E0B86-D28E-E03D-5E04-CD0EE7139607}.Release|x86.ActiveCfg = Release|Any CPU
		{600E0B86-D28E-E03D-5E04-CD0EE7139607}.Release|x86.Build.0 = Release|Any CPU
		{6BCCF741-95C9-0A82-2B0D-AC73068F4B40}.Debug|Any CPU.ActiveCfg = Debug|Any CPU
		{6BCCF741-95C9-0A82-2B0D-AC73068F4B40}.Debug|Any CPU.Build.0 = Debug|Any CPU
		{6BCCF741-95C9-0A82-2B0D-AC73068F4B40}.Debug|x64.ActiveCfg = Debug|Any CPU
		{6BCCF741-95C9-0A82-2B0D-AC73068F4B40}.Debug|x64.Build.0 = Debug|Any CPU
		{6BCCF741-95C9-0A82-2B0D-AC73068F4B40}.Debug|x86.ActiveCfg = Debug|Any CPU
		{6BCCF741-95C9-0A82-2B0D-AC73068F4B40}.Debug|x86.Build.0 = Debug|Any CPU
		{6BCCF741-95C9-0A82-2B0D-AC73068F4B40}.Release|Any CPU.ActiveCfg = Release|Any CPU
		{6BCCF741-95C9-0A82-2B0D-AC73068F4B40}.Release|Any CPU.Build.0 = Release|Any CPU
		{6BCCF741-95C9-0A82-2B0D-AC73068F4B40}.Release|x64.ActiveCfg = Release|Any CPU
		{6BCCF741-95C9-0A82-2B0D-AC73068F4B40}.Release|x64.Build.0 = Release|Any CPU
		{6BCCF741-95C9-0A82-2B0D-AC73068F4B40}.Release|x86.ActiveCfg = Release|Any CPU
		{6BCCF741-95C9-0A82-2B0D-AC73068F4B40}.Release|x86.Build.0 = Release|Any CPU
		{31D07F53-526D-E580-8336-41EB37B856A2}.Debug|Any CPU.ActiveCfg = Debug|Any CPU
		{31D07F53-526D-E580-8336-41EB37B856A2}.Debug|Any CPU.Build.0 = Debug|Any CPU
		{31D07F53-526D-E580-8336-41EB37B856A2}.Debug|x64.ActiveCfg = Debug|Any CPU
		{31D07F53-526D-E580-8336-41EB37B856A2}.Debug|x64.Build.0 = Debug|Any CPU
		{31D07F53-526D-E580-8336-41EB37B856A2}.Debug|x86.ActiveCfg = Debug|Any CPU
		{31D07F53-526D-E580-8336-41EB37B856A2}.Debug|x86.Build.0 = Debug|Any CPU
		{31D07F53-526D-E580-8336-41EB37B856A2}.Release|Any CPU.ActiveCfg = Release|Any CPU
		{31D07F53-526D-E580-8336-41EB37B856A2}.Release|Any CPU.Build.0 = Release|Any CPU
		{31D07F53-526D-E580-8336-41EB37B856A2}.Release|x64.ActiveCfg = Release|Any CPU
		{31D07F53-526D-E580-8336-41EB37B856A2}.Release|x64.Build.0 = Release|Any CPU
		{31D07F53-526D-E580-8336-41EB37B856A2}.Release|x86.ActiveCfg = Release|Any CPU
		{31D07F53-526D-E580-8336-41EB37B856A2}.Release|x86.Build.0 = Release|Any CPU
		{BD751FD8-B5B7-8A43-B6B5-907B9CB552DD}.Debug|Any CPU.ActiveCfg = Debug|Any CPU
		{BD751FD8-B5B7-8A43-B6B5-907B9CB552DD}.Debug|Any CPU.Build.0 = Debug|Any CPU
		{BD751FD8-B5B7-8A43-B6B5-907B9CB552DD}.Debug|x64.ActiveCfg = Debug|Any CPU
		{BD751FD8-B5B7-8A43-B6B5-907B9CB552DD}.Debug|x64.Build.0 = Debug|Any CPU
		{BD751FD8-B5B7-8A43-B6B5-907B9CB552DD}.Debug|x86.ActiveCfg = Debug|Any CPU
		{BD751FD8-B5B7-8A43-B6B5-907B9CB552DD}.Debug|x86.Build.0 = Debug|Any CPU
		{BD751FD8-B5B7-8A43-B6B5-907B9CB552DD}.Release|Any CPU.ActiveCfg = Release|Any CPU
		{BD751FD8-B5B7-8A43-B6B5-907B9CB552DD}.Release|Any CPU.Build.0 = Release|Any CPU
		{BD751FD8-B5B7-8A43-B6B5-907B9CB552DD}.Release|x64.ActiveCfg = Release|Any CPU
		{BD751FD8-B5B7-8A43-B6B5-907B9CB552DD}.Release|x64.Build.0 = Release|Any CPU
		{BD751FD8-B5B7-8A43-B6B5-907B9CB552DD}.Release|x86.ActiveCfg = Release|Any CPU
		{BD751FD8-B5B7-8A43-B6B5-907B9CB552DD}.Release|x86.Build.0 = Release|Any CPU
	EndGlobalSection
	GlobalSection(SolutionProperties) = preSolution
		HideSolutionNode = FALSE
	EndGlobalSection
	GlobalSection(NestedProjects) = preSolution
		{318BCB03-501C-5B45-62FD-7B4EB0FE1412} = {02EA681E-C7D8-13C7-8484-4AC65E1B71E8}
		{905ED613-9747-83A8-C25A-3DC02F9DBCC0} = {02EA681E-C7D8-13C7-8484-4AC65E1B71E8}
		{32177813-D185-0D44-ED06-470AC6F5B578} = {02EA681E-C7D8-13C7-8484-4AC65E1B71E8}
		{9E6963AF-B43D-F773-E3CF-A51E696B8B36} = {02EA681E-C7D8-13C7-8484-4AC65E1B71E8}
		{994EE78B-BCB3-6EA0-39E0-3E36689A54CB} = {02EA681E-C7D8-13C7-8484-4AC65E1B71E8}
		{600E0B86-D28E-E03D-5E04-CD0EE7139607} = {02EA681E-C7D8-13C7-8484-4AC65E1B71E8}
		{6BCCF741-95C9-0A82-2B0D-AC73068F4B40} = {02EA681E-C7D8-13C7-8484-4AC65E1B71E8}
		{31D07F53-526D-E580-8336-41EB37B856A2} = {02EA681E-C7D8-13C7-8484-4AC65E1B71E8}
		{BD751FD8-B5B7-8A43-B6B5-907B9CB552DD} = {02EA681E-C7D8-13C7-8484-4AC65E1B71E8}
	EndGlobalSection
	GlobalSection(ExtensibilityGlobals) = postSolution
		SolutionGuid = {42EA8FC7-F02C-4E6F-81BC-55DF628A947E}
	EndGlobalSection
EndGlobal
